
Microsoft Visual Studio Solution File, Format Version 12.00
# Visual Studio Version 17
VisualStudioVersion = 17.11.35222.181
MinimumVisualStudioVersion = 10.0.40219.1
Project("{9A19103F-16F7-4668-BE54-9A1E7A4F7556}") = "ImageCropper.Api", "ImageCropper.Api.csproj", "{AD6BBF92-5E96-4D10-90B7-F3A98B51623A}"
EndProject
Project("{FAE04EC0-301F-11D3-BF4B-00C04F79EFBC}") = "ImageCropper.Services", "..\ImageCropper.Services\ImageCropper.Services.csproj", "{40B7F312-BDC8-4996-A01B-C143EC114FB9}"
EndProject
Project("{FAE04EC0-301F-11D3-BF4B-00C04F79EFBC}") = "ImageCropper.Models", "..\ImageCropper.Models\ImageCropper.Models.csproj", "{E2339212-FCCB-403E-A9F2-74D649C7ECDB}"
EndProject
Project("{FAE04EC0-301F-11D3-BF4B-00C04F79EFBC}") = "ImageCropper.Data", "..\ImageCropper.Data\ImageCropper.Data.csproj", "{588286E8-0FF5-4BAA-A928-24EF5CBA9F8B}"
EndProject
Global
	GlobalSection(SolutionConfigurationPlatforms) = preSolution
		Debug|Any CPU = Debug|Any CPU
		Release|Any CPU = Release|Any CPU
	EndGlobalSection
	GlobalSection(ProjectConfigurationPlatforms) = postSolution
		{AD6BBF92-5E96-4D10-90B7-F3A98B51623A}.Debug|Any CPU.ActiveCfg = Debug|Any CPU
		{AD6BBF92-5E96-4D10-90B7-F3A98B51623A}.Debug|Any CPU.Build.0 = Debug|Any CPU
		{AD6BBF92-5E96-4D10-90B7-F3A98B51623A}.Release|Any CPU.ActiveCfg = Release|Any CPU
		{AD6BBF92-5E96-4D10-90B7-F3A98B51623A}.Release|Any CPU.Build.0 = Release|Any CPU
		{40B7F312-BDC8-4996-A01B-C143EC114FB9}.Debug|Any CPU.ActiveCfg = Debug|Any CPU
		{40B7F312-BDC8-4996-A01B-C143EC114FB9}.Debug|Any CPU.Build.0 = Debug|Any CPU
		{40B7F312-BDC8-4996-A01B-C143EC114FB9}.Release|Any CPU.ActiveCfg = Release|Any CPU
		{40B7F312-BDC8-4996-A01B-C143EC114FB9}.Release|Any CPU.Build.0 = Release|Any CPU
		{E2339212-FCCB-403E-A9F2-74D649C7ECDB}.Debug|Any CPU.ActiveCfg = Debug|Any CPU
		{E2339212-FCCB-403E-A9F2-74D649C7ECDB}.Debug|Any CPU.Build.0 = Debug|Any CPU
		{E2339212-FCCB-403E-A9F2-74D649C7ECDB}.Release|Any CPU.ActiveCfg = Release|Any CPU
		{E2339212-FCCB-403E-A9F2-74D649C7ECDB}.Release|Any CPU.Build.0 = Release|Any CPU
		{588286E8-0FF5-4BAA-A928-24EF5CBA9F8B}.Debug|Any CPU.ActiveCfg = Debug|Any CPU
		{588286E8-0FF5-4BAA-A928-24EF5CBA9F8B}.Debug|Any CPU.Build.0 = Debug|Any CPU
		{588286E8-0FF5-4BAA-A928-24EF5CBA9F8B}.Release|Any CPU.ActiveCfg = Release|Any CPU
		{588286E8-0FF5-4BAA-A928-24EF5CBA9F8B}.Release|Any CPU.Build.0 = Release|Any CPU
	EndGlobalSection
	GlobalSection(SolutionProperties) = preSolution
		HideSolutionNode = FALSE
	EndGlobalSection
	GlobalSection(ExtensibilityGlobals) = postSolution
		SolutionGuid = {9669E8E4-0D7C-4570-98E9-AEA2670119D1}
	EndGlobalSection
EndGlobal
